
Microsoft Visual Studio Solution File, Format Version 12.00
# Visual Studio Version 17
VisualStudioVersion = 17.6.33829.357
MinimumVisualStudioVersion = 10.0.40219.1
Project("{FAE04EC0-301F-11D3-BF4B-00C04F79EFBC}") = "RMSDataManager", "RMSDataManager\RMSDataManager.csproj", "{06A925E5-DEA6-4562-A7C2-1174A85C2B3B}"
EndProject
Global
	GlobalSection(SolutionConfigurationPlatforms) = preSolution
		Debug|Any CPU = Debug|Any CPU
		Release|Any CPU = Release|Any CPU
	EndGlobalSection
	GlobalSection(ProjectConfigurationPlatforms) = postSolution
		{06A925E5-DEA6-4562-A7C2-1174A85C2B3B}.Debug|Any CPU.ActiveCfg = Debug|Any CPU
		{06A925E5-DEA6-4562-A7C2-1174A85C2B3B}.Debug|Any CPU.Build.0 = Debug|Any CPU
		{06A925E5-DEA6-4562-A7C2-1174A85C2B3B}.Release|Any CPU.ActiveCfg = Release|Any CPU
		{06A925E5-DEA6-4562-A7C2-1174A85C2B3B}.Release|Any CPU.Build.0 = Release|Any CPU
	EndGlobalSection
	GlobalSection(SolutionProperties) = preSolution
		HideSolutionNode = FALSE
	EndGlobalSection
	GlobalSection(ExtensibilityGlobals) = postSolution
		SolutionGuid = {E2A97F5E-B282-4D3B-8C7C-12E63489907F}
	EndGlobalSection
EndGlobal
